
Microsoft Visual Studio Solution File, Format Version 12.00
# Visual Studio Version 17
VisualStudioVersion = 17.7.34003.232
MinimumVisualStudioVersion = 10.0.40219.1
Project("{9A19103F-16F7-4668-BE54-9A1E7A4F7556}") = "eticarethaftasonu", "eticarethaftasonu\eticarethaftasonu.csproj", "{6EC0E61F-D3ED-4F75-BCA6-635CB969B54D}"
EndProject
Project("{FAE04EC0-301F-11D3-BF4B-00C04F79EFBC}") = "eticaretapi", "eticaretapi\eticaretapi.csproj", "{7C976F7A-C637-4954-BD63-502A0F8504F8}"
EndProject
Global
	GlobalSection(SolutionConfigurationPlatforms) = preSolution
		Debug|Any CPU = Debug|Any CPU
		Release|Any CPU = Release|Any CPU
	EndGlobalSection
	GlobalSection(ProjectConfigurationPlatforms) = postSolution
		{6EC0E61F-D3ED-4F75-BCA6-635CB969B54D}.Debug|Any CPU.ActiveCfg = Debug|Any CPU
		{6EC0E61F-D3ED-4F75-BCA6-635CB969B54D}.Debug|Any CPU.Build.0 = Debug|Any CPU
		{6EC0E61F-D3ED-4F75-BCA6-635CB969B54D}.Release|Any CPU.ActiveCfg = Release|Any CPU
		{6EC0E61F-D3ED-4F75-BCA6-635CB969B54D}.Release|Any CPU.Build.0 = Release|Any CPU
		{7C976F7A-C637-4954-BD63-502A0F8504F8}.Debug|Any CPU.ActiveCfg = Debug|Any CPU
		{7C976F7A-C637-4954-BD63-502A0F8504F8}.Debug|Any CPU.Build.0 = Debug|Any CPU
		{7C976F7A-C637-4954-BD63-502A0F8504F8}.Release|Any CPU.ActiveCfg = Release|Any CPU
		{7C976F7A-C637-4954-BD63-502A0F8504F8}.Release|Any CPU.Build.0 = Release|Any CPU
	EndGlobalSection
	GlobalSection(SolutionProperties) = preSolution
		HideSolutionNode = FALSE
	EndGlobalSection
	GlobalSection(ExtensibilityGlobals) = postSolution
		SolutionGuid = {12A89DA1-56D0-40E2-8FBC-B67ED1A2AADD}
	EndGlobalSection
EndGlobal
